
Microsoft Visual Studio Solution File, Format Version 12.00
# Visual Studio Version 16
VisualStudioVersion = 16.0.31005.135
MinimumVisualStudioVersion = 10.0.40219.1
Project("{FAE04EC0-301F-11D3-BF4B-00C04F79EFBC}") = "KnewinEventAsp.Web", "KnewinEventAsp.Web\KnewinEventAsp.Web.csproj", "{65A65FF8-233E-41B5-B221-810506883165}"
EndProject
Global
	GlobalSection(SolutionConfigurationPlatforms) = preSolution
		Debug|Any CPU = Debug|Any CPU
		Release|Any CPU = Release|Any CPU
	EndGlobalSection
	GlobalSection(ProjectConfigurationPlatforms) = postSolution
		{65A65FF8-233E-41B5-B221-810506883165}.Debug|Any CPU.ActiveCfg = Debug|Any CPU
		{65A65FF8-233E-41B5-B221-810506883165}.Debug|Any CPU.Build.0 = Debug|Any CPU
		{65A65FF8-233E-41B5-B221-810506883165}.Release|Any CPU.ActiveCfg = Release|Any CPU
		{65A65FF8-233E-41B5-B221-810506883165}.Release|Any CPU.Build.0 = Release|Any CPU
	EndGlobalSection
	GlobalSection(SolutionProperties) = preSolution
		HideSolutionNode = FALSE
	EndGlobalSection
	GlobalSection(ExtensibilityGlobals) = postSolution
		SolutionGuid = {0C18D0AE-1B80-4977-9AB7-75587A26AC76}
	EndGlobalSection
EndGlobal
